
Microsoft Visual Studio Solution File, Format Version 12.00
# Visual Studio Version 17
VisualStudioVersion = 17.6.33829.357
MinimumVisualStudioVersion = 10.0.40219.1
Project("{FAE04EC0-301F-11D3-BF4B-00C04F79EFBC}") = "Tg_Bot_FirstTime", "Tg_Bot_FirstTime\Tg_Bot_FirstTime.csproj", "{5EE4F183-1AD3-4395-960D-34E7C2FD8725}"
EndProject
Global
	GlobalSection(SolutionConfigurationPlatforms) = preSolution
		Debug|Any CPU = Debug|Any CPU
		Release|Any CPU = Release|Any CPU
	EndGlobalSection
	GlobalSection(ProjectConfigurationPlatforms) = postSolution
		{5EE4F183-1AD3-4395-960D-34E7C2FD8725}.Debug|Any CPU.ActiveCfg = Debug|Any CPU
		{5EE4F183-1AD3-4395-960D-34E7C2FD8725}.Debug|Any CPU.Build.0 = Debug|Any CPU
		{5EE4F183-1AD3-4395-960D-34E7C2FD8725}.Release|Any CPU.ActiveCfg = Release|Any CPU
		{5EE4F183-1AD3-4395-960D-34E7C2FD8725}.Release|Any CPU.Build.0 = Release|Any CPU
	EndGlobalSection
	GlobalSection(SolutionProperties) = preSolution
		HideSolutionNode = FALSE
	EndGlobalSection
	GlobalSection(ExtensibilityGlobals) = postSolution
		SolutionGuid = {683305EA-36BD-42E6-BE6D-C59C68DA034F}
	EndGlobalSection
EndGlobal
